// !$*UTF8*$!
{
	archiveVersion = 1;
	classes = {
	};
	objectVersion = 46;
	objects = {

/* Begin PBXBuildFile section */
		0218E6C5F49D36978B1FB936 /* Pods_ecoGame.framework in Frameworks */ = {isa = PBXBuildFile; fileRef = 117647694C853D40E5A35906 /* Pods_ecoGame.framework */; };
		2502B6D41CBC553200F7DC28 /* KeychainSwift.swift in Sources */ = {isa = PBXBuildFile; fileRef = 2502B6D31CBC553200F7DC28 /* KeychainSwift.swift */; };
		2502B6D71CBC56EE00F7DC28 /* KeychainSwiftAccessOptions.swift in Sources */ = {isa = PBXBuildFile; fileRef = 2502B6D51CBC56EE00F7DC28 /* KeychainSwiftAccessOptions.swift */; };
		2502B6D81CBC56EE00F7DC28 /* TegKeychainConstants.swift in Sources */ = {isa = PBXBuildFile; fileRef = 2502B6D61CBC56EE00F7DC28 /* TegKeychainConstants.swift */; };
		2502B6DA1CBC7C1B00F7DC28 /* NSDate+ECAdditions.swift in Sources */ = {isa = PBXBuildFile; fileRef = 2502B6D91CBC7C1B00F7DC28 /* NSDate+ECAdditions.swift */; };
		2513BAFE1CA9AF3A00CC9C7E /* AppDelegate.swift in Sources */ = {isa = PBXBuildFile; fileRef = 2513BAFD1CA9AF3A00CC9C7E /* AppDelegate.swift */; };
		2513BB051CA9AF3A00CC9C7E /* Main.storyboard in Resources */ = {isa = PBXBuildFile; fileRef = 2513BB031CA9AF3A00CC9C7E /* Main.storyboard */; };
		2513BB071CA9AF3A00CC9C7E /* Assets.xcassets in Resources */ = {isa = PBXBuildFile; fileRef = 2513BB061CA9AF3A00CC9C7E /* Assets.xcassets */; };
		2513BB0A1CA9AF3A00CC9C7E /* LaunchScreen.storyboard in Resources */ = {isa = PBXBuildFile; fileRef = 2513BB081CA9AF3A00CC9C7E /* LaunchScreen.storyboard */; };
		2513BB151CA9AF3A00CC9C7E /* ecoGameTests.swift in Sources */ = {isa = PBXBuildFile; fileRef = 2513BB141CA9AF3A00CC9C7E /* ecoGameTests.swift */; };
		2513BB201CA9AF3A00CC9C7E /* ecoGameUITests.swift in Sources */ = {isa = PBXBuildFile; fileRef = 2513BB1F1CA9AF3A00CC9C7E /* ecoGameUITests.swift */; };
		252C5A7F1CB04DC4006CC6F9 /* ECUser.swift in Sources */ = {isa = PBXBuildFile; fileRef = 252C5A7E1CB04DC4006CC6F9 /* ECUser.swift */; };
		252C5A881CB05BB0006CC6F9 /* Selector+ECAdditions.swift in Sources */ = {isa = PBXBuildFile; fileRef = 252C5A871CB05BB0006CC6F9 /* Selector+ECAdditions.swift */; };
		252C5A8B1CB062D7006CC6F9 /* ECUsersListViewController.swift in Sources */ = {isa = PBXBuildFile; fileRef = 252C5A8A1CB062D7006CC6F9 /* ECUsersListViewController.swift */; };
		252C5A8D1CB062E8006CC6F9 /* ECUserListDataSource.swift in Sources */ = {isa = PBXBuildFile; fileRef = 252C5A8C1CB062E8006CC6F9 /* ECUserListDataSource.swift */; };
		252C5A901CB067F7006CC6F9 /* ECUserListCell.swift in Sources */ = {isa = PBXBuildFile; fileRef = 252C5A8F1CB067F7006CC6F9 /* ECUserListCell.swift */; };
		252C5A961CB0717B006CC6F9 /* UITableView+ECAdditions.swift in Sources */ = {isa = PBXBuildFile; fileRef = 252C5A951CB0717B006CC6F9 /* UITableView+ECAdditions.swift */; };
		252C5A971CB07E9C006CC6F9 /* ECUserListCell.xib in Resources */ = {isa = PBXBuildFile; fileRef = 252C5A911CB06805006CC6F9 /* ECUserListCell.xib */; };
		252C5A991CB09BDA006CC6F9 /* ECCoreManager.swift in Sources */ = {isa = PBXBuildFile; fileRef = 252C5A981CB09BDA006CC6F9 /* ECCoreManager.swift */; };
		2534D34D1CBF00D7003A9195 /* ECSearchHeaderView.swift in Sources */ = {isa = PBXBuildFile; fileRef = 2534D34C1CBF00D7003A9195 /* ECSearchHeaderView.swift */; };
		2534D34F1CBF00F2003A9195 /* ECSearchHeaderView.xib in Resources */ = {isa = PBXBuildFile; fileRef = 2534D34E1CBF00F2003A9195 /* ECSearchHeaderView.xib */; };
		2534D3511CBF02C8003A9195 /* UIVIew+ECAdditions.swift in Sources */ = {isa = PBXBuildFile; fileRef = 2534D3501CBF02C8003A9195 /* UIVIew+ECAdditions.swift */; };
		254394AC1D08DC19001F079C /* AVFoundation.framework in Frameworks */ = {isa = PBXBuildFile; fileRef = 254394AB1D08DC19001F079C /* AVFoundation.framework */; };
		254394AF1D08E900001F079C /* ECActionInputController.swift in Sources */ = {isa = PBXBuildFile; fileRef = 254394AE1D08E900001F079C /* ECActionInputController.swift */; };
		254394B11D08EFDE001F079C /* ECCarbonFootprintController.swift in Sources */ = {isa = PBXBuildFile; fileRef = 254394B01D08EFDE001F079C /* ECCarbonFootprintController.swift */; };
		2543CCF91CBA954C00EA677B /* ECLoginController.swift in Sources */ = {isa = PBXBuildFile; fileRef = 2543CCF81CBA954C00EA677B /* ECLoginController.swift */; };
		2543CCFB1CBA99F600EA677B /* UIColor+ECAdditions.swift in Sources */ = {isa = PBXBuildFile; fileRef = 2543CCFA1CBA99F600EA677B /* UIColor+ECAdditions.swift */; };
		2553CC7D1D0F7D9100CA0F42 /* ECQRController.swift in Sources */ = {isa = PBXBuildFile; fileRef = 2553CC7C1D0F7D9100CA0F42 /* ECQRController.swift */; };
		25594D6F1CEE86FF000B4561 /* ECConstants.swift in Sources */ = {isa = PBXBuildFile; fileRef = 25594D6E1CEE86FF000B4561 /* ECConstants.swift */; };
		256771EF1CD9678A007769AB /* ECCategory.swift in Sources */ = {isa = PBXBuildFile; fileRef = 256771EE1CD9678A007769AB /* ECCategory.swift */; };
		25728F5F1CB1C7F20063C7E3 /* ECStoreManager.swift in Sources */ = {isa = PBXBuildFile; fileRef = 25728F5E1CB1C7F20063C7E3 /* ECStoreManager.swift */; };
		25728F611CB1C8000063C7E3 /* ECRequestManager.swift in Sources */ = {isa = PBXBuildFile; fileRef = 25728F601CB1C8000063C7E3 /* ECRequestManager.swift */; };
		25728F631CB1C8530063C7E3 /* ECSeralizableObject.swift in Sources */ = {isa = PBXBuildFile; fileRef = 25728F621CB1C8530063C7E3 /* ECSeralizableObject.swift */; };
		25728F651CB1C8690063C7E3 /* CoreData.framework in Frameworks */ = {isa = PBXBuildFile; fileRef = 25728F641CB1C8690063C7E3 /* CoreData.framework */; };
		25728F681CB1C8D20063C7E3 /* ECDataModel.xcdatamodeld in Sources */ = {isa = PBXBuildFile; fileRef = 25728F661CB1C8D20063C7E3 /* ECDataModel.xcdatamodeld */; };
		25752E881CD7A901004040CB /* ECCategoriesController.swift in Sources */ = {isa = PBXBuildFile; fileRef = 25752E871CD7A901004040CB /* ECCategoriesController.swift */; };
		25752E8C1CD7A96D004040CB /* ECCategoryOverviewCell.swift in Sources */ = {isa = PBXBuildFile; fileRef = 25752E8A1CD7A96D004040CB /* ECCategoryOverviewCell.swift */; };
		25752E8D1CD7A96D004040CB /* ECCategoryOverviewCell.xib in Resources */ = {isa = PBXBuildFile; fileRef = 25752E8B1CD7A96D004040CB /* ECCategoryOverviewCell.xib */; };
		25752E8F1CD7A9A2004040CB /* UICollectionView+ECAdditions.swift in Sources */ = {isa = PBXBuildFile; fileRef = 25752E8E1CD7A9A2004040CB /* UICollectionView+ECAdditions.swift */; };
		2578ECFE1D25CE7B00158527 /* ECSortController.swift in Sources */ = {isa = PBXBuildFile; fileRef = 2578ECFD1D25CE7B00158527 /* ECSortController.swift */; };
		258D82AC1CB31F8A00CD39A3 /* NSFetchedResultsController+ECAdditions.swift in Sources */ = {isa = PBXBuildFile; fileRef = 258D82AB1CB31F8A00CD39A3 /* NSFetchedResultsController+ECAdditions.swift */; };
		2593FC2E1D06352100F93DD0 /* ECAgreementController.swift in Sources */ = {isa = PBXBuildFile; fileRef = 2593FC2D1D06352100F93DD0 /* ECAgreementController.swift */; };
		259488A01DA5B46A008117A8 /* ECStatsController.swift in Sources */ = {isa = PBXBuildFile; fileRef = 2594889F1DA5B46A008117A8 /* ECStatsController.swift */; };
		25A1C9CF1D8F59B700628804 /* KDCircularProgress.swift in Sources */ = {isa = PBXBuildFile; fileRef = 25A1C9B51D8F59B700628804 /* KDCircularProgress.swift */; };
		25A1C9D01D8F59B700628804 /* LICENSE in Resources */ = {isa = PBXBuildFile; fileRef = 25A1C9B61D8F59B700628804 /* LICENSE */; };
		25A1C9D11D8F59B700628804 /* README.md in Sources */ = {isa = PBXBuildFile; fileRef = 25A1C9B71D8F59B700628804 /* README.md */; };
		25A1C9D21D8F59B700628804 /* LICENSE in Resources */ = {isa = PBXBuildFile; fileRef = 25A1C9B91D8F59B700628804 /* LICENSE */; };
		25A1C9D31D8F59B700628804 /* CIColorExtension.swift in Sources */ = {isa = PBXBuildFile; fileRef = 25A1C9BB1D8F59B700628804 /* CIColorExtension.swift */; };
		25A1C9D41D8F59B700628804 /* QRCode.swift in Sources */ = {isa = PBXBuildFile; fileRef = 25A1C9BC1D8F59B700628804 /* QRCode.swift */; };
		25A1C9D51D8F59B700628804 /* UIImageViewExtension.swift in Sources */ = {isa = PBXBuildFile; fileRef = 25A1C9BD1D8F59B700628804 /* UIImageViewExtension.swift */; };
		25A1C9D61D8F59B700628804 /* README.md in Sources */ = {isa = PBXBuildFile; fileRef = 25A1C9BE1D8F59B700628804 /* README.md */; };
		25A1C9D71D8F59B700628804 /* LICENSE in Resources */ = {isa = PBXBuildFile; fileRef = 25A1C9C01D8F59B700628804 /* LICENSE */; };
		25A1C9D81D8F59B700628804 /* QRCodeReader.swift in Sources */ = {isa = PBXBuildFile; fileRef = 25A1C9C21D8F59B700628804 /* QRCodeReader.swift */; };
		25A1C9D91D8F59B700628804 /* QRCodeReaderResult.swift in Sources */ = {isa = PBXBuildFile; fileRef = 25A1C9C31D8F59B700628804 /* QRCodeReaderResult.swift */; };
		25A1C9DA1D8F59B700628804 /* QRCodeViewController.swift in Sources */ = {isa = PBXBuildFile; fileRef = 25A1C9C41D8F59B700628804 /* QRCodeViewController.swift */; };
		25A1C9DB1D8F59B700628804 /* QRCodeViewControllerBuilder.swift in Sources */ = {isa = PBXBuildFile; fileRef = 25A1C9C51D8F59B700628804 /* QRCodeViewControllerBuilder.swift */; };
		25A1C9DC1D8F59B700628804 /* ReaderOverlayView.swift in Sources */ = {isa = PBXBuildFile; fileRef = 25A1C9C61D8F59B700628804 /* ReaderOverlayView.swift */; };
		25A1C9DD1D8F59B700628804 /* SwitchCameraButton.swift in Sources */ = {isa = PBXBuildFile; fileRef = 25A1C9C71D8F59B700628804 /* SwitchCameraButton.swift */; };
		25A1C9DE1D8F59B700628804 /* ToggleTorchButton.swift in Sources */ = {isa = PBXBuildFile; fileRef = 25A1C9C81D8F59B700628804 /* ToggleTorchButton.swift */; };
		25A1C9DF1D8F59B700628804 /* README.md in Sources */ = {isa = PBXBuildFile; fileRef = 25A1C9C91D8F59B700628804 /* README.md */; };
		25A1C9E01D8F59B700628804 /* LICENSE in Resources */ = {isa = PBXBuildFile; fileRef = 25A1C9CB1D8F59B700628804 /* LICENSE */; };
		25A1C9E11D8F59B700628804 /* Reachability.swift in Sources */ = {isa = PBXBuildFile; fileRef = 25A1C9CD1D8F59B700628804 /* Reachability.swift */; };
		25A1C9E21D8F59B700628804 /* README.md in Sources */ = {isa = PBXBuildFile; fileRef = 25A1C9CE1D8F59B700628804 /* README.md */; };
		25A7924E1D1F43A40075E654 /* ECScore.swift in Sources */ = {isa = PBXBuildFile; fileRef = 25A7924D1D1F43A40075E654 /* ECScore.swift */; };
		25AC2A8B1CC3C307003D3C61 /* ECMenuViewController.swift in Sources */ = {isa = PBXBuildFile; fileRef = 25AC2A8A1CC3C307003D3C61 /* ECMenuViewController.swift */; };
		25E3BC961CB59FA100CCD783 /* ECUserController.swift in Sources */ = {isa = PBXBuildFile; fileRef = 25E3BC951CB59FA100CCD783 /* ECUserController.swift */; };
		25E3BC981CB59FD000CCD783 /* UIViewController+ECAdditions.swift in Sources */ = {isa = PBXBuildFile; fileRef = 25E3BC971CB59FD000CCD783 /* UIViewController+ECAdditions.swift */; };
		25FC6D371CF51EAE00D06D21 /* ECCategoryController.swift in Sources */ = {isa = PBXBuildFile; fileRef = 25FC6D361CF51EAE00D06D21 /* ECCategoryController.swift */; };
		25FC6D3A1CF528D600D06D21 /* ECCategoryActionCell.swift in Sources */ = {isa = PBXBuildFile; fileRef = 25FC6D381CF528D600D06D21 /* ECCategoryActionCell.swift */; };
		25FC6D3B1CF528D600D06D21 /* ECCategoryActionCell.xib in Resources */ = {isa = PBXBuildFile; fileRef = 25FC6D391CF528D600D06D21 /* ECCategoryActionCell.xib */; };
		6B74BF22788528709FBD7086 /* Pods_ecoGameUITests.framework in Frameworks */ = {isa = PBXBuildFile; fileRef = 2BAE8A4B7D81FE1676753AF8 /* Pods_ecoGameUITests.framework */; };
		8CBDAB5107091E6C6477A2BB /* Pods_ecoGameTests.framework in Frameworks */ = {isa = PBXBuildFile; fileRef = EB9A41D9F66E79B7DFE186E5 /* Pods_ecoGameTests.framework */; };
/* End PBXBuildFile section */

/* Begin PBXContainerItemProxy section */
		2513BB111CA9AF3A00CC9C7E /* PBXContainerItemProxy */ = {
			isa = PBXContainerItemProxy;
			containerPortal = 2513BAF21CA9AF3A00CC9C7E /* Project object */;
			proxyType = 1;
			remoteGlobalIDString = 2513BAF91CA9AF3A00CC9C7E;
			remoteInfo = ecoGame;
		};
		2513BB1C1CA9AF3A00CC9C7E /* PBXContainerItemProxy */ = {
			isa = PBXContainerItemProxy;
			containerPortal = 2513BAF21CA9AF3A00CC9C7E /* Project object */;
			proxyType = 1;
			remoteGlobalIDString = 2513BAF91CA9AF3A00CC9C7E;
			remoteInfo = ecoGame;
		};
/* End PBXContainerItemProxy section */

/* Begin PBXFileReference section */
		117647694C853D40E5A35906 /* Pods_ecoGame.framework */ = {isa = PBXFileReference; explicitFileType = wrapper.framework; includeInIndex = 0; path = Pods_ecoGame.framework; sourceTree = BUILT_PRODUCTS_DIR; };
		1F1A25414635E9D9E6E56BA4 /* Pods-ecoGameTests.release.xcconfig */ = {isa = PBXFileReference; includeInIndex = 1; lastKnownFileType = text.xcconfig; name = "Pods-ecoGameTests.release.xcconfig"; path = "Pods/Target Support Files/Pods-ecoGameTests/Pods-ecoGameTests.release.xcconfig"; sourceTree = "<group>"; };
		2502B6D31CBC553200F7DC28 /* KeychainSwift.swift */ = {isa = PBXFileReference; fileEncoding = 4; lastKnownFileType = sourcecode.swift; path = KeychainSwift.swift; sourceTree = "<group>"; };
		2502B6D51CBC56EE00F7DC28 /* KeychainSwiftAccessOptions.swift */ = {isa = PBXFileReference; fileEncoding = 4; lastKnownFileType = sourcecode.swift; path = KeychainSwiftAccessOptions.swift; sourceTree = "<group>"; };
		2502B6D61CBC56EE00F7DC28 /* TegKeychainConstants.swift */ = {isa = PBXFileReference; fileEncoding = 4; lastKnownFileType = sourcecode.swift; path = TegKeychainConstants.swift; sourceTree = "<group>"; };
		2502B6D91CBC7C1B00F7DC28 /* NSDate+ECAdditions.swift */ = {isa = PBXFileReference; fileEncoding = 4; lastKnownFileType = sourcecode.swift; path = "NSDate+ECAdditions.swift"; sourceTree = "<group>"; };
		2513BAFA1CA9AF3A00CC9C7E /* ecoGame.app */ = {isa = PBXFileReference; explicitFileType = wrapper.application; includeInIndex = 0; path = ecoGame.app; sourceTree = BUILT_PRODUCTS_DIR; };
		2513BAFD1CA9AF3A00CC9C7E /* AppDelegate.swift */ = {isa = PBXFileReference; lastKnownFileType = sourcecode.swift; path = AppDelegate.swift; sourceTree = "<group>"; };
		2513BB041CA9AF3A00CC9C7E /* Base */ = {isa = PBXFileReference; lastKnownFileType = file.storyboard; name = Base; path = Base.lproj/Main.storyboard; sourceTree = "<group>"; };
		2513BB061CA9AF3A00CC9C7E /* Assets.xcassets */ = {isa = PBXFileReference; lastKnownFileType = folder.assetcatalog; path = Assets.xcassets; sourceTree = "<group>"; };
		2513BB091CA9AF3A00CC9C7E /* Base */ = {isa = PBXFileReference; lastKnownFileType = file.storyboard; name = Base; path = Base.lproj/LaunchScreen.storyboard; sourceTree = "<group>"; };
		2513BB0B1CA9AF3A00CC9C7E /* Info.plist */ = {isa = PBXFileReference; lastKnownFileType = text.plist.xml; path = Info.plist; sourceTree = "<group>"; };
		2513BB101CA9AF3A00CC9C7E /* ecoGameTests.xctest */ = {isa = PBXFileReference; explicitFileType = wrapper.cfbundle; includeInIndex = 0; path = ecoGameTests.xctest; sourceTree = BUILT_PRODUCTS_DIR; };
		2513BB141CA9AF3A00CC9C7E /* ecoGameTests.swift */ = {isa = PBXFileReference; lastKnownFileType = sourcecode.swift; path = ecoGameTests.swift; sourceTree = "<group>"; };
		2513BB161CA9AF3A00CC9C7E /* Info.plist */ = {isa = PBXFileReference; lastKnownFileType = text.plist.xml; path = Info.plist; sourceTree = "<group>"; };
		2513BB1B1CA9AF3A00CC9C7E /* ecoGameUITests.xctest */ = {isa = PBXFileReference; explicitFileType = wrapper.cfbundle; includeInIndex = 0; path = ecoGameUITests.xctest; sourceTree = BUILT_PRODUCTS_DIR; };
		2513BB1F1CA9AF3A00CC9C7E /* ecoGameUITests.swift */ = {isa = PBXFileReference; lastKnownFileType = sourcecode.swift; path = ecoGameUITests.swift; sourceTree = "<group>"; };
		2513BB211CA9AF3A00CC9C7E /* Info.plist */ = {isa = PBXFileReference; lastKnownFileType = text.plist.xml; path = Info.plist; sourceTree = "<group>"; };
		2523F59A9A87142F1A168BB4 /* Pods-ecoGameUITests.release.xcconfig */ = {isa = PBXFileReference; includeInIndex = 1; lastKnownFileType = text.xcconfig; name = "Pods-ecoGameUITests.release.xcconfig"; path = "Pods/Target Support Files/Pods-ecoGameUITests/Pods-ecoGameUITests.release.xcconfig"; sourceTree = "<group>"; };
		252C5A7E1CB04DC4006CC6F9 /* ECUser.swift */ = {isa = PBXFileReference; fileEncoding = 4; lastKnownFileType = sourcecode.swift; path = ECUser.swift; sourceTree = "<group>"; };
		252C5A871CB05BB0006CC6F9 /* Selector+ECAdditions.swift */ = {isa = PBXFileReference; fileEncoding = 4; lastKnownFileType = sourcecode.swift; path = "Selector+ECAdditions.swift"; sourceTree = "<group>"; };
		252C5A8A1CB062D7006CC6F9 /* ECUsersListViewController.swift */ = {isa = PBXFileReference; fileEncoding = 4; lastKnownFileType = sourcecode.swift; path = ECUsersListViewController.swift; sourceTree = "<group>"; };
		252C5A8C1CB062E8006CC6F9 /* ECUserListDataSource.swift */ = {isa = PBXFileReference; fileEncoding = 4; lastKnownFileType = sourcecode.swift; path = ECUserListDataSource.swift; sourceTree = "<group>"; };
		252C5A8F1CB067F7006CC6F9 /* ECUserListCell.swift */ = {isa = PBXFileReference; fileEncoding = 4; lastKnownFileType = sourcecode.swift; path = ECUserListCell.swift; sourceTree = "<group>"; };
		252C5A911CB06805006CC6F9 /* ECUserListCell.xib */ = {isa = PBXFileReference; fileEncoding = 4; lastKnownFileType = file.xib; path = ECUserListCell.xib; sourceTree = "<group>"; };
		252C5A951CB0717B006CC6F9 /* UITableView+ECAdditions.swift */ = {isa = PBXFileReference; fileEncoding = 4; lastKnownFileType = sourcecode.swift; path = "UITableView+ECAdditions.swift"; sourceTree = "<group>"; };
		252C5A981CB09BDA006CC6F9 /* ECCoreManager.swift */ = {isa = PBXFileReference; fileEncoding = 4; lastKnownFileType = sourcecode.swift; path = ECCoreManager.swift; sourceTree = "<group>"; };
		2534D34C1CBF00D7003A9195 /* ECSearchHeaderView.swift */ = {isa = PBXFileReference; fileEncoding = 4; lastKnownFileType = sourcecode.swift; path = ECSearchHeaderView.swift; sourceTree = "<group>"; };
		2534D34E1CBF00F2003A9195 /* ECSearchHeaderView.xib */ = {isa = PBXFileReference; fileEncoding = 4; lastKnownFileType = file.xib; path = ECSearchHeaderView.xib; sourceTree = "<group>"; };
		2534D3501CBF02C8003A9195 /* UIVIew+ECAdditions.swift */ = {isa = PBXFileReference; fileEncoding = 4; lastKnownFileType = sourcecode.swift; path = "UIVIew+ECAdditions.swift"; sourceTree = "<group>"; };
		254394AB1D08DC19001F079C /* AVFoundation.framework */ = {isa = PBXFileReference; lastKnownFileType = wrapper.framework; name = AVFoundation.framework; path = System/Library/Frameworks/AVFoundation.framework; sourceTree = SDKROOT; };
		254394AE1D08E900001F079C /* ECActionInputController.swift */ = {isa = PBXFileReference; fileEncoding = 4; lastKnownFileType = sourcecode.swift; path = ECActionInputController.swift; sourceTree = "<group>"; };
		254394B01D08EFDE001F079C /* ECCarbonFootprintController.swift */ = {isa = PBXFileReference; fileEncoding = 4; lastKnownFileType = sourcecode.swift; path = ECCarbonFootprintController.swift; sourceTree = "<group>"; };
		2543CCF81CBA954C00EA677B /* ECLoginController.swift */ = {isa = PBXFileReference; fileEncoding = 4; lastKnownFileType = sourcecode.swift; path = ECLoginController.swift; sourceTree = "<group>"; };
		2543CCFA1CBA99F600EA677B /* UIColor+ECAdditions.swift */ = {isa = PBXFileReference; fileEncoding = 4; lastKnownFileType = sourcecode.swift; path = "UIColor+ECAdditions.swift"; sourceTree = "<group>"; };
		2553CC7C1D0F7D9100CA0F42 /* ECQRController.swift */ = {isa = PBXFileReference; fileEncoding = 4; lastKnownFileType = sourcecode.swift; path = ECQRController.swift; sourceTree = "<group>"; };
		25594D6E1CEE86FF000B4561 /* ECConstants.swift */ = {isa = PBXFileReference; fileEncoding = 4; lastKnownFileType = sourcecode.swift; path = ECConstants.swift; sourceTree = "<group>"; };
		256771EE1CD9678A007769AB /* ECCategory.swift */ = {isa = PBXFileReference; fileEncoding = 4; lastKnownFileType = sourcecode.swift; path = ECCategory.swift; sourceTree = "<group>"; };
		25728F5E1CB1C7F20063C7E3 /* ECStoreManager.swift */ = {isa = PBXFileReference; fileEncoding = 4; lastKnownFileType = sourcecode.swift; path = ECStoreManager.swift; sourceTree = "<group>"; };
		25728F601CB1C8000063C7E3 /* ECRequestManager.swift */ = {isa = PBXFileReference; fileEncoding = 4; lastKnownFileType = sourcecode.swift; path = ECRequestManager.swift; sourceTree = "<group>"; };
		25728F621CB1C8530063C7E3 /* ECSeralizableObject.swift */ = {isa = PBXFileReference; fileEncoding = 4; lastKnownFileType = sourcecode.swift; path = ECSeralizableObject.swift; sourceTree = "<group>"; };
		25728F641CB1C8690063C7E3 /* CoreData.framework */ = {isa = PBXFileReference; lastKnownFileType = wrapper.framework; name = CoreData.framework; path = System/Library/Frameworks/CoreData.framework; sourceTree = SDKROOT; };
		25728F671CB1C8D20063C7E3 /* ECDataModel.xcdatamodel */ = {isa = PBXFileReference; lastKnownFileType = wrapper.xcdatamodel; path = ECDataModel.xcdatamodel; sourceTree = "<group>"; };
		25752E871CD7A901004040CB /* ECCategoriesController.swift */ = {isa = PBXFileReference; fileEncoding = 4; lastKnownFileType = sourcecode.swift; path = ECCategoriesController.swift; sourceTree = "<group>"; };
		25752E8A1CD7A96D004040CB /* ECCategoryOverviewCell.swift */ = {isa = PBXFileReference; fileEncoding = 4; lastKnownFileType = sourcecode.swift; path = ECCategoryOverviewCell.swift; sourceTree = "<group>"; };
		25752E8B1CD7A96D004040CB /* ECCategoryOverviewCell.xib */ = {isa = PBXFileReference; fileEncoding = 4; lastKnownFileType = file.xib; path = ECCategoryOverviewCell.xib; sourceTree = "<group>"; };
		25752E8E1CD7A9A2004040CB /* UICollectionView+ECAdditions.swift */ = {isa = PBXFileReference; fileEncoding = 4; lastKnownFileType = sourcecode.swift; path = "UICollectionView+ECAdditions.swift"; sourceTree = "<group>"; };
		2578ECFD1D25CE7B00158527 /* ECSortController.swift */ = {isa = PBXFileReference; fileEncoding = 4; lastKnownFileType = sourcecode.swift; path = ECSortController.swift; sourceTree = "<group>"; };
		258D82AB1CB31F8A00CD39A3 /* NSFetchedResultsController+ECAdditions.swift */ = {isa = PBXFileReference; fileEncoding = 4; lastKnownFileType = sourcecode.swift; path = "NSFetchedResultsController+ECAdditions.swift"; sourceTree = "<group>"; };
		2593FC2D1D06352100F93DD0 /* ECAgreementController.swift */ = {isa = PBXFileReference; fileEncoding = 4; lastKnownFileType = sourcecode.swift; path = ECAgreementController.swift; sourceTree = "<group>"; };
		2594889F1DA5B46A008117A8 /* ECStatsController.swift */ = {isa = PBXFileReference; fileEncoding = 4; lastKnownFileType = sourcecode.swift; path = ECStatsController.swift; sourceTree = "<group>"; };
		25A1C9B51D8F59B700628804 /* KDCircularProgress.swift */ = {isa = PBXFileReference; fileEncoding = 4; lastKnownFileType = sourcecode.swift; path = KDCircularProgress.swift; sourceTree = "<group>"; };
		25A1C9B61D8F59B700628804 /* LICENSE */ = {isa = PBXFileReference; fileEncoding = 4; lastKnownFileType = text; path = LICENSE; sourceTree = "<group>"; };
		25A1C9B71D8F59B700628804 /* README.md */ = {isa = PBXFileReference; fileEncoding = 4; lastKnownFileType = net.daringfireball.markdown; path = README.md; sourceTree = "<group>"; };
		25A1C9B91D8F59B700628804 /* LICENSE */ = {isa = PBXFileReference; fileEncoding = 4; lastKnownFileType = text; path = LICENSE; sourceTree = "<group>"; };
		25A1C9BB1D8F59B700628804 /* CIColorExtension.swift */ = {isa = PBXFileReference; fileEncoding = 4; lastKnownFileType = sourcecode.swift; path = CIColorExtension.swift; sourceTree = "<group>"; };
		25A1C9BC1D8F59B700628804 /* QRCode.swift */ = {isa = PBXFileReference; fileEncoding = 4; lastKnownFileType = sourcecode.swift; path = QRCode.swift; sourceTree = "<group>"; };
		25A1C9BD1D8F59B700628804 /* UIImageViewExtension.swift */ = {isa = PBXFileReference; fileEncoding = 4; lastKnownFileType = sourcecode.swift; path = UIImageViewExtension.swift; sourceTree = "<group>"; };
		25A1C9BE1D8F59B700628804 /* README.md */ = {isa = PBXFileReference; fileEncoding = 4; lastKnownFileType = net.daringfireball.markdown; path = README.md; sourceTree = "<group>"; };
		25A1C9C01D8F59B700628804 /* LICENSE */ = {isa = PBXFileReference; fileEncoding = 4; lastKnownFileType = text; path = LICENSE; sourceTree = "<group>"; };
		25A1C9C21D8F59B700628804 /* QRCodeReader.swift */ = {isa = PBXFileReference; fileEncoding = 4; lastKnownFileType = sourcecode.swift; path = QRCodeReader.swift; sourceTree = "<group>"; };
		25A1C9C31D8F59B700628804 /* QRCodeReaderResult.swift */ = {isa = PBXFileReference; fileEncoding = 4; lastKnownFileType = sourcecode.swift; path = QRCodeReaderResult.swift; sourceTree = "<group>"; };
		25A1C9C41D8F59B700628804 /* QRCodeViewController.swift */ = {isa = PBXFileReference; fileEncoding = 4; lastKnownFileType = sourcecode.swift; path = QRCodeViewController.swift; sourceTree = "<group>"; };
		25A1C9C51D8F59B700628804 /* QRCodeViewControllerBuilder.swift */ = {isa = PBXFileReference; fileEncoding = 4; lastKnownFileType = sourcecode.swift; path = QRCodeViewControllerBuilder.swift; sourceTree = "<group>"; };
		25A1C9C61D8F59B700628804 /* ReaderOverlayView.swift */ = {isa = PBXFileReference; fileEncoding = 4; lastKnownFileType = sourcecode.swift; path = ReaderOverlayView.swift; sourceTree = "<group>"; };
		25A1C9C71D8F59B700628804 /* SwitchCameraButton.swift */ = {isa = PBXFileReference; fileEncoding = 4; lastKnownFileType = sourcecode.swift; path = SwitchCameraButton.swift; sourceTree = "<group>"; };
		25A1C9C81D8F59B700628804 /* ToggleTorchButton.swift */ = {isa = PBXFileReference; fileEncoding = 4; lastKnownFileType = sourcecode.swift; path = ToggleTorchButton.swift; sourceTree = "<group>"; };
		25A1C9C91D8F59B700628804 /* README.md */ = {isa = PBXFileReference; fileEncoding = 4; lastKnownFileType = net.daringfireball.markdown; path = README.md; sourceTree = "<group>"; };
		25A1C9CB1D8F59B700628804 /* LICENSE */ = {isa = PBXFileReference; fileEncoding = 4; lastKnownFileType = text; path = LICENSE; sourceTree = "<group>"; };
		25A1C9CD1D8F59B700628804 /* Reachability.swift */ = {isa = PBXFileReference; fileEncoding = 4; lastKnownFileType = sourcecode.swift; path = Reachability.swift; sourceTree = "<group>"; };
		25A1C9CE1D8F59B700628804 /* README.md */ = {isa = PBXFileReference; fileEncoding = 4; lastKnownFileType = net.daringfireball.markdown; path = README.md; sourceTree = "<group>"; };
		25A7924D1D1F43A40075E654 /* ECScore.swift */ = {isa = PBXFileReference; fileEncoding = 4; lastKnownFileType = sourcecode.swift; path = ECScore.swift; sourceTree = "<group>"; };
		25AC2A8A1CC3C307003D3C61 /* ECMenuViewController.swift */ = {isa = PBXFileReference; fileEncoding = 4; lastKnownFileType = sourcecode.swift; path = ECMenuViewController.swift; sourceTree = "<group>"; };
		25E3BC951CB59FA100CCD783 /* ECUserController.swift */ = {isa = PBXFileReference; fileEncoding = 4; lastKnownFileType = sourcecode.swift; path = ECUserController.swift; sourceTree = "<group>"; };
		25E3BC971CB59FD000CCD783 /* UIViewController+ECAdditions.swift */ = {isa = PBXFileReference; fileEncoding = 4; lastKnownFileType = sourcecode.swift; path = "UIViewController+ECAdditions.swift"; sourceTree = "<group>"; };
		25FC6D361CF51EAE00D06D21 /* ECCategoryController.swift */ = {isa = PBXFileReference; fileEncoding = 4; lastKnownFileType = sourcecode.swift; path = ECCategoryController.swift; sourceTree = "<group>"; };
		25FC6D381CF528D600D06D21 /* ECCategoryActionCell.swift */ = {isa = PBXFileReference; fileEncoding = 4; lastKnownFileType = sourcecode.swift; path = ECCategoryActionCell.swift; sourceTree = "<group>"; };
		25FC6D391CF528D600D06D21 /* ECCategoryActionCell.xib */ = {isa = PBXFileReference; fileEncoding = 4; lastKnownFileType = file.xib; path = ECCategoryActionCell.xib; sourceTree = "<group>"; };
		25FC6D3C1CF66CCD00D06D21 /* ecoGame-Bridging-Header.h */ = {isa = PBXFileReference; lastKnownFileType = sourcecode.c.h; path = "ecoGame-Bridging-Header.h"; sourceTree = "<group>"; };
		2BAE8A4B7D81FE1676753AF8 /* Pods_ecoGameUITests.framework */ = {isa = PBXFileReference; explicitFileType = wrapper.framework; includeInIndex = 0; path = Pods_ecoGameUITests.framework; sourceTree = BUILT_PRODUCTS_DIR; };
		5B156F2AD23EA55D49286349 /* Pods-ecoGame.debug.xcconfig */ = {isa = PBXFileReference; includeInIndex = 1; lastKnownFileType = text.xcconfig; name = "Pods-ecoGame.debug.xcconfig"; path = "Pods/Target Support Files/Pods-ecoGame/Pods-ecoGame.debug.xcconfig"; sourceTree = "<group>"; };
		A68511DAF8BCDB9D4AC2F439 /* Pods-ecoGame.release.xcconfig */ = {isa = PBXFileReference; includeInIndex = 1; lastKnownFileType = text.xcconfig; name = "Pods-ecoGame.release.xcconfig"; path = "Pods/Target Support Files/Pods-ecoGame/Pods-ecoGame.release.xcconfig"; sourceTree = "<group>"; };
		B25897D73D0CB78CE03E7403 /* Pods-ecoGameTests.debug.xcconfig */ = {isa = PBXFileReference; includeInIndex = 1; lastKnownFileType = text.xcconfig; name = "Pods-ecoGameTests.debug.xcconfig"; path = "Pods/Target Support Files/Pods-ecoGameTests/Pods-ecoGameTests.debug.xcconfig"; sourceTree = "<group>"; };
		EB9A41D9F66E79B7DFE186E5 /* Pods_ecoGameTests.framework */ = {isa = PBXFileReference; explicitFileType = wrapper.framework; includeInIndex = 0; path = Pods_ecoGameTests.framework; sourceTree = BUILT_PRODUCTS_DIR; };
		F32CC2A92F315585CD0360A3 /* Pods-ecoGameUITests.debug.xcconfig */ = {isa = PBXFileReference; includeInIndex = 1; lastKnownFileType = text.xcconfig; name = "Pods-ecoGameUITests.debug.xcconfig"; path = "Pods/Target Support Files/Pods-ecoGameUITests/Pods-ecoGameUITests.debug.xcconfig"; sourceTree = "<group>"; };
/* End PBXFileReference section */

/* Begin PBXFrameworksBuildPhase section */
		2513BAF71CA9AF3A00CC9C7E /* Frameworks */ = {
			isa = PBXFrameworksBuildPhase;
			buildActionMask = 2147483647;
			files = (
				254394AC1D08DC19001F079C /* AVFoundation.framework in Frameworks */,
				25728F651CB1C8690063C7E3 /* CoreData.framework in Frameworks */,
				0218E6C5F49D36978B1FB936 /* Pods_ecoGame.framework in Frameworks */,
			);
			runOnlyForDeploymentPostprocessing = 0;
		};
		2513BB0D1CA9AF3A00CC9C7E /* Frameworks */ = {
			isa = PBXFrameworksBuildPhase;
			buildActionMask = 2147483647;
			files = (
				8CBDAB5107091E6C6477A2BB /* Pods_ecoGameTests.framework in Frameworks */,
			);
			runOnlyForDeploymentPostprocessing = 0;
		};
		2513BB181CA9AF3A00CC9C7E /* Frameworks */ = {
			isa = PBXFrameworksBuildPhase;
			buildActionMask = 2147483647;
			files = (
				6B74BF22788528709FBD7086 /* Pods_ecoGameUITests.framework in Frameworks */,
			);
			runOnlyForDeploymentPostprocessing = 0;
		};
/* End PBXFrameworksBuildPhase section */

/* Begin PBXGroup section */
		2502B6D21CBC552100F7DC28 /* KeyChain */ = {
			isa = PBXGroup;
			children = (
				2502B6D31CBC553200F7DC28 /* KeychainSwift.swift */,
				2502B6D51CBC56EE00F7DC28 /* KeychainSwiftAccessOptions.swift */,
				2502B6D61CBC56EE00F7DC28 /* TegKeychainConstants.swift */,
			);
			path = KeyChain;
			sourceTree = "<group>";
		};
		2513BAF11CA9AF3A00CC9C7E = {
			isa = PBXGroup;
			children = (
				2513BAFC1CA9AF3A00CC9C7E /* ecoGame */,
				2513BB131CA9AF3A00CC9C7E /* ecoGameTests */,
				2513BB1E1CA9AF3A00CC9C7E /* ecoGameUITests */,
				2513BAFB1CA9AF3A00CC9C7E /* Products */,
				80612B95B3E714FD7C415420 /* Frameworks */,
				25FC6D3C1CF66CCD00D06D21 /* ecoGame-Bridging-Header.h */,
				B7024C2FB80F41562B9041EA /* Pods */,
			);
			sourceTree = "<group>";
		};
		2513BAFB1CA9AF3A00CC9C7E /* Products */ = {
			isa = PBXGroup;
			children = (
				2513BAFA1CA9AF3A00CC9C7E /* ecoGame.app */,
				2513BB101CA9AF3A00CC9C7E /* ecoGameTests.xctest */,
				2513BB1B1CA9AF3A00CC9C7E /* ecoGameUITests.xctest */,
			);
			name = Products;
			sourceTree = "<group>";
		};
		2513BAFC1CA9AF3A00CC9C7E /* ecoGame */ = {
			isa = PBXGroup;
			children = (
				25A1C9B21D8F59B700628804 /* ThirdParty */,
				252C5A821CB05B6E006CC6F9 /* Extensions */,
				2513BB2F1CA9B1E600CC9C7E /* Data */,
				2513BB301CA9B1E600CC9C7E /* Model */,
				2513BB2E1CA9B1E600CC9C7E /* Controllers */,
				2513BAFD1CA9AF3A00CC9C7E /* AppDelegate.swift */,
				2513BB031CA9AF3A00CC9C7E /* Main.storyboard */,
				2513BB061CA9AF3A00CC9C7E /* Assets.xcassets */,
				2513BB081CA9AF3A00CC9C7E /* LaunchScreen.storyboard */,
				2513BB0B1CA9AF3A00CC9C7E /* Info.plist */,
			);
			path = ecoGame;
			sourceTree = "<group>";
		};
		2513BB131CA9AF3A00CC9C7E /* ecoGameTests */ = {
			isa = PBXGroup;
			children = (
				2513BB141CA9AF3A00CC9C7E /* ecoGameTests.swift */,
				2513BB161CA9AF3A00CC9C7E /* Info.plist */,
			);
			path = ecoGameTests;
			sourceTree = "<group>";
		};
		2513BB1E1CA9AF3A00CC9C7E /* ecoGameUITests */ = {
			isa = PBXGroup;
			children = (
				2513BB1F1CA9AF3A00CC9C7E /* ecoGameUITests.swift */,
				2513BB211CA9AF3A00CC9C7E /* Info.plist */,
			);
			path = ecoGameUITests;
			sourceTree = "<group>";
		};
		2513BB2E1CA9B1E600CC9C7E /* Controllers */ = {
			isa = PBXGroup;
			children = (
				2594889E1DA5B458008117A8 /* Stats */,
				25752E861CD7A8ED004040CB /* Categories */,
				2543CCF51CBA8A7C00EA677B /* Login */,
				25E3BC921CB59E3900CCD783 /* UserCreation */,
				252C5A891CB062D7006CC6F9 /* UserList */,
				25AC2A891CC3C307003D3C61 /* Menu */,
			);
			path = Controllers;
			sourceTree = "<group>";
		};
		2513BB2F1CA9B1E600CC9C7E /* Data */ = {
			isa = PBXGroup;
			children = (
				25594D6E1CEE86FF000B4561 /* ECConstants.swift */,
				252C5A981CB09BDA006CC6F9 /* ECCoreManager.swift */,
				2502B6D21CBC552100F7DC28 /* KeyChain */,
				25728F5C1CB1C7D40063C7E3 /* API */,
				25728F5D1CB1C7DA0063C7E3 /* Store */,
			);
			path = Data;
			sourceTree = "<group>";
		};
		2513BB301CA9B1E600CC9C7E /* Model */ = {
			isa = PBXGroup;
			children = (
				25728F621CB1C8530063C7E3 /* ECSeralizableObject.swift */,
				252C5A7E1CB04DC4006CC6F9 /* ECUser.swift */,
				256771EE1CD9678A007769AB /* ECCategory.swift */,
				25A7924D1D1F43A40075E654 /* ECScore.swift */,
			);
			path = Model;
			sourceTree = "<group>";
		};
		252C5A821CB05B6E006CC6F9 /* Extensions */ = {
			isa = PBXGroup;
			children = (
				252C5A871CB05BB0006CC6F9 /* Selector+ECAdditions.swift */,
				252C5A951CB0717B006CC6F9 /* UITableView+ECAdditions.swift */,
				258D82AB1CB31F8A00CD39A3 /* NSFetchedResultsController+ECAdditions.swift */,
				25E3BC971CB59FD000CCD783 /* UIViewController+ECAdditions.swift */,
				2543CCFA1CBA99F600EA677B /* UIColor+ECAdditions.swift */,
				2502B6D91CBC7C1B00F7DC28 /* NSDate+ECAdditions.swift */,
				2534D3501CBF02C8003A9195 /* UIVIew+ECAdditions.swift */,
				25752E8E1CD7A9A2004040CB /* UICollectionView+ECAdditions.swift */,
			);
			path = Extensions;
			sourceTree = "<group>";
		};
		252C5A891CB062D7006CC6F9 /* UserList */ = {
			isa = PBXGroup;
			children = (
				252C5A8E1CB067D4006CC6F9 /* Cells */,
				252C5A8A1CB062D7006CC6F9 /* ECUsersListViewController.swift */,
				252C5A8C1CB062E8006CC6F9 /* ECUserListDataSource.swift */,
				2578ECFD1D25CE7B00158527 /* ECSortController.swift */,
			);
			path = UserList;
			sourceTree = "<group>";
		};
		252C5A8E1CB067D4006CC6F9 /* Cells */ = {
			isa = PBXGroup;
			children = (
				252C5A8F1CB067F7006CC6F9 /* ECUserListCell.swift */,
				252C5A911CB06805006CC6F9 /* ECUserListCell.xib */,
				2534D34C1CBF00D7003A9195 /* ECSearchHeaderView.swift */,
				2534D34E1CBF00F2003A9195 /* ECSearchHeaderView.xib */,
			);
			path = Cells;
			sourceTree = "<group>";
		};
		254394AD1D08E8DA001F079C /* Actions */ = {
			isa = PBXGroup;
			children = (
				254394AE1D08E900001F079C /* ECActionInputController.swift */,
				254394B01D08EFDE001F079C /* ECCarbonFootprintController.swift */,
				2553CC7C1D0F7D9100CA0F42 /* ECQRController.swift */,
			);
			path = Actions;
			sourceTree = "<group>";
		};
		2543CCF51CBA8A7C00EA677B /* Login */ = {
			isa = PBXGroup;
			children = (
				2543CCF81CBA954C00EA677B /* ECLoginController.swift */,
			);
			path = Login;
			sourceTree = "<group>";
		};
		25728F5C1CB1C7D40063C7E3 /* API */ = {
			isa = PBXGroup;
			children = (
				25728F601CB1C8000063C7E3 /* ECRequestManager.swift */,
			);
			path = API;
			sourceTree = "<group>";
		};
		25728F5D1CB1C7DA0063C7E3 /* Store */ = {
			isa = PBXGroup;
			children = (
				25728F5E1CB1C7F20063C7E3 /* ECStoreManager.swift */,
				25728F661CB1C8D20063C7E3 /* ECDataModel.xcdatamodeld */,
			);
			name = Store;
			path = ecoGame/Data/Store;
			sourceTree = SOURCE_ROOT;
		};
		25752E861CD7A8ED004040CB /* Categories */ = {
			isa = PBXGroup;
			children = (
				254394AD1D08E8DA001F079C /* Actions */,
				25752E891CD7A952004040CB /* Cells */,
				25752E871CD7A901004040CB /* ECCategoriesController.swift */,
				25FC6D361CF51EAE00D06D21 /* ECCategoryController.swift */,
			);
			path = Categories;
			sourceTree = "<group>";
		};
		25752E891CD7A952004040CB /* Cells */ = {
			isa = PBXGroup;
			children = (
				25752E8A1CD7A96D004040CB /* ECCategoryOverviewCell.swift */,
				25752E8B1CD7A96D004040CB /* ECCategoryOverviewCell.xib */,
				25FC6D381CF528D600D06D21 /* ECCategoryActionCell.swift */,
				25FC6D391CF528D600D06D21 /* ECCategoryActionCell.xib */,
			);
			path = Cells;
			sourceTree = "<group>";
		};
		2594889E1DA5B458008117A8 /* Stats */ = {
			isa = PBXGroup;
			children = (
				2594889F1DA5B46A008117A8 /* ECStatsController.swift */,
			);
			path = Stats;
			sourceTree = "<group>";
		};
		25A1C9B21D8F59B700628804 /* ThirdParty */ = {
			isa = PBXGroup;
			children = (
				25A1C9B31D8F59B700628804 /* KDCircularProgress */,
				25A1C9B81D8F59B700628804 /* QRCode */,
				25A1C9BF1D8F59B700628804 /* QRCodeReader.swift */,
				25A1C9CA1D8F59B700628804 /* ReachabilitySwift */,
			);
			path = ThirdParty;
			sourceTree = "<group>";
		};
		25A1C9B31D8F59B700628804 /* KDCircularProgress */ = {
			isa = PBXGroup;
			children = (
				25A1C9B41D8F59B700628804 /* KDCircularProgress */,
				25A1C9B61D8F59B700628804 /* LICENSE */,
				25A1C9B71D8F59B700628804 /* README.md */,
			);
			path = KDCircularProgress;
			sourceTree = "<group>";
		};
		25A1C9B41D8F59B700628804 /* KDCircularProgress */ = {
			isa = PBXGroup;
			children = (
				25A1C9B51D8F59B700628804 /* KDCircularProgress.swift */,
			);
			path = KDCircularProgress;
			sourceTree = "<group>";
		};
		25A1C9B81D8F59B700628804 /* QRCode */ = {
			isa = PBXGroup;
			children = (
				25A1C9B91D8F59B700628804 /* LICENSE */,
				25A1C9BA1D8F59B700628804 /* QRCode */,
				25A1C9BE1D8F59B700628804 /* README.md */,
			);
			path = QRCode;
			sourceTree = "<group>";
		};
		25A1C9BA1D8F59B700628804 /* QRCode */ = {
			isa = PBXGroup;
			children = (
				25A1C9BB1D8F59B700628804 /* CIColorExtension.swift */,
				25A1C9BC1D8F59B700628804 /* QRCode.swift */,
				25A1C9BD1D8F59B700628804 /* UIImageViewExtension.swift */,
			);
			path = QRCode;
			sourceTree = "<group>";
		};
		25A1C9BF1D8F59B700628804 /* QRCodeReader.swift */ = {
			isa = PBXGroup;
			children = (
				25A1C9C01D8F59B700628804 /* LICENSE */,
				25A1C9C11D8F59B700628804 /* QRCodeReader */,
				25A1C9C91D8F59B700628804 /* README.md */,
			);
			path = QRCodeReader.swift;
			sourceTree = "<group>";
		};
		25A1C9C11D8F59B700628804 /* QRCodeReader */ = {
			isa = PBXGroup;
			children = (
				25A1C9C21D8F59B700628804 /* QRCodeReader.swift */,
				25A1C9C31D8F59B700628804 /* QRCodeReaderResult.swift */,
				25A1C9C41D8F59B700628804 /* QRCodeViewController.swift */,
				25A1C9C51D8F59B700628804 /* QRCodeViewControllerBuilder.swift */,
				25A1C9C61D8F59B700628804 /* ReaderOverlayView.swift */,
				25A1C9C71D8F59B700628804 /* SwitchCameraButton.swift */,
				25A1C9C81D8F59B700628804 /* ToggleTorchButton.swift */,
			);
			path = QRCodeReader;
			sourceTree = "<group>";
		};
		25A1C9CA1D8F59B700628804 /* ReachabilitySwift */ = {
			isa = PBXGroup;
			children = (
				25A1C9CB1D8F59B700628804 /* LICENSE */,
				25A1C9CC1D8F59B700628804 /* Reachability */,
				25A1C9CE1D8F59B700628804 /* README.md */,
			);
			path = ReachabilitySwift;
			sourceTree = "<group>";
		};
		25A1C9CC1D8F59B700628804 /* Reachability */ = {
			isa = PBXGroup;
			children = (
				25A1C9CD1D8F59B700628804 /* Reachability.swift */,
			);
			path = Reachability;
			sourceTree = "<group>";
		};
		25AC2A891CC3C307003D3C61 /* Menu */ = {
			isa = PBXGroup;
			children = (
				25AC2A8A1CC3C307003D3C61 /* ECMenuViewController.swift */,
			);
			path = Menu;
			sourceTree = "<group>";
		};
		25E3BC921CB59E3900CCD783 /* UserCreation */ = {
			isa = PBXGroup;
			children = (
				25E3BC951CB59FA100CCD783 /* ECUserController.swift */,
				2593FC2D1D06352100F93DD0 /* ECAgreementController.swift */,
			);
			path = UserCreation;
			sourceTree = "<group>";
		};
		80612B95B3E714FD7C415420 /* Frameworks */ = {
			isa = PBXGroup;
			children = (
				25728F641CB1C8690063C7E3 /* CoreData.framework */,
				254394AB1D08DC19001F079C /* AVFoundation.framework */,
				117647694C853D40E5A35906 /* Pods_ecoGame.framework */,
				EB9A41D9F66E79B7DFE186E5 /* Pods_ecoGameTests.framework */,
				2BAE8A4B7D81FE1676753AF8 /* Pods_ecoGameUITests.framework */,
			);
			name = Frameworks;
			sourceTree = "<group>";
		};
		B7024C2FB80F41562B9041EA /* Pods */ = {
			isa = PBXGroup;
			children = (
				5B156F2AD23EA55D49286349 /* Pods-ecoGame.debug.xcconfig */,
				A68511DAF8BCDB9D4AC2F439 /* Pods-ecoGame.release.xcconfig */,
				B25897D73D0CB78CE03E7403 /* Pods-ecoGameTests.debug.xcconfig */,
				1F1A25414635E9D9E6E56BA4 /* Pods-ecoGameTests.release.xcconfig */,
				F32CC2A92F315585CD0360A3 /* Pods-ecoGameUITests.debug.xcconfig */,
				2523F59A9A87142F1A168BB4 /* Pods-ecoGameUITests.release.xcconfig */,
			);
			name = Pods;
			sourceTree = "<group>";
		};
/* End PBXGroup section */

/* Begin PBXNativeTarget section */
		2513BAF91CA9AF3A00CC9C7E /* ecoGame */ = {
			isa = PBXNativeTarget;
			buildConfigurationList = 2513BB241CA9AF3A00CC9C7E /* Build configuration list for PBXNativeTarget "ecoGame" */;
			buildPhases = (
				FB7889D50431F4F734853955 /* [CP] Check Pods Manifest.lock */,
				2513BAF61CA9AF3A00CC9C7E /* Sources */,
				2513BAF71CA9AF3A00CC9C7E /* Frameworks */,
				2513BAF81CA9AF3A00CC9C7E /* Resources */,
				2553CC6B1D0F772F00CA0F42 /* ShellScript */,
				208224B6C028C994B8691731 /* [CP] Embed Pods Frameworks */,
				922BAFA23F57B87430294F86 /* [CP] Copy Pods Resources */,
			);
			buildRules = (
			);
			dependencies = (
			);
			name = ecoGame;
			productName = ecoGame;
			productReference = 2513BAFA1CA9AF3A00CC9C7E /* ecoGame.app */;
			productType = "com.apple.product-type.application";
		};
		2513BB0F1CA9AF3A00CC9C7E /* ecoGameTests */ = {
			isa = PBXNativeTarget;
			buildConfigurationList = 2513BB271CA9AF3A00CC9C7E /* Build configuration list for PBXNativeTarget "ecoGameTests" */;
			buildPhases = (
				998E688F330EBE8C010F9754 /* [CP] Check Pods Manifest.lock */,
				2513BB0C1CA9AF3A00CC9C7E /* Sources */,
				2513BB0D1CA9AF3A00CC9C7E /* Frameworks */,
				2513BB0E1CA9AF3A00CC9C7E /* Resources */,
				2DC0A15E8952F58D1A2DFEE8 /* [CP] Embed Pods Frameworks */,
				F213B07AB2292E1168D56EC6 /* [CP] Copy Pods Resources */,
			);
			buildRules = (
			);
			dependencies = (
				2513BB121CA9AF3A00CC9C7E /* PBXTargetDependency */,
			);
			name = ecoGameTests;
			productName = ecoGameTests;
			productReference = 2513BB101CA9AF3A00CC9C7E /* ecoGameTests.xctest */;
			productType = "com.apple.product-type.bundle.unit-test";
		};
		2513BB1A1CA9AF3A00CC9C7E /* ecoGameUITests */ = {
			isa = PBXNativeTarget;
			buildConfigurationList = 2513BB2A1CA9AF3A00CC9C7E /* Build configuration list for PBXNativeTarget "ecoGameUITests" */;
			buildPhases = (
				FAF36ED78F963167A7D27407 /* [CP] Check Pods Manifest.lock */,
				2513BB171CA9AF3A00CC9C7E /* Sources */,
				2513BB181CA9AF3A00CC9C7E /* Frameworks */,
				2513BB191CA9AF3A00CC9C7E /* Resources */,
				5B9C1D93083C4E93F6908909 /* [CP] Copy Pods Resources */,
			);
			buildRules = (
			);
			dependencies = (
				2513BB1D1CA9AF3A00CC9C7E /* PBXTargetDependency */,
			);
			name = ecoGameUITests;
			productName = ecoGameUITests;
			productReference = 2513BB1B1CA9AF3A00CC9C7E /* ecoGameUITests.xctest */;
			productType = "com.apple.product-type.bundle.ui-testing";
		};
/* End PBXNativeTarget section */

/* Begin PBXProject section */
		2513BAF21CA9AF3A00CC9C7E /* Project object */ = {
			isa = PBXProject;
			attributes = {
				LastSwiftUpdateCheck = 0730;
				LastUpgradeCheck = 0720;
				ORGANIZATIONNAME = "timofticiuc andrei";
				TargetAttributes = {
					2513BAF91CA9AF3A00CC9C7E = {
						CreatedOnToolsVersion = 7.2.1;
						DevelopmentTeam = JLD9TS7FMA;
					};
					2513BB0F1CA9AF3A00CC9C7E = {
						CreatedOnToolsVersion = 7.2.1;
						TestTargetID = 2513BAF91CA9AF3A00CC9C7E;
					};
					2513BB1A1CA9AF3A00CC9C7E = {
						CreatedOnToolsVersion = 7.2.1;
						TestTargetID = 2513BAF91CA9AF3A00CC9C7E;
					};
				};
			};
			buildConfigurationList = 2513BAF51CA9AF3A00CC9C7E /* Build configuration list for PBXProject "ecoGame" */;
			compatibilityVersion = "Xcode 3.2";
			developmentRegion = English;
			hasScannedForEncodings = 0;
			knownRegions = (
				en,
				Base,
			);
			mainGroup = 2513BAF11CA9AF3A00CC9C7E;
			productRefGroup = 2513BAFB1CA9AF3A00CC9C7E /* Products */;
			projectDirPath = "";
			projectRoot = "";
			targets = (
				2513BAF91CA9AF3A00CC9C7E /* ecoGame */,
				2513BB0F1CA9AF3A00CC9C7E /* ecoGameTests */,
				2513BB1A1CA9AF3A00CC9C7E /* ecoGameUITests */,
			);
		};
/* End PBXProject section */

/* Begin PBXResourcesBuildPhase section */
		2513BAF81CA9AF3A00CC9C7E /* Resources */ = {
			isa = PBXResourcesBuildPhase;
			buildActionMask = 2147483647;
			files = (
				2534D34F1CBF00F2003A9195 /* ECSearchHeaderView.xib in Resources */,
				2513BB0A1CA9AF3A00CC9C7E /* LaunchScreen.storyboard in Resources */,
				25A1C9D01D8F59B700628804 /* LICENSE in Resources */,
				2513BB071CA9AF3A00CC9C7E /* Assets.xcassets in Resources */,
				25A1C9D71D8F59B700628804 /* LICENSE in Resources */,
				25A1C9E01D8F59B700628804 /* LICENSE in Resources */,
				25752E8D1CD7A96D004040CB /* ECCategoryOverviewCell.xib in Resources */,
				252C5A971CB07E9C006CC6F9 /* ECUserListCell.xib in Resources */,
				25A1C9D21D8F59B700628804 /* LICENSE in Resources */,
				2513BB051CA9AF3A00CC9C7E /* Main.storyboard in Resources */,
				25FC6D3B1CF528D600D06D21 /* ECCategoryActionCell.xib in Resources */,
			);
			runOnlyForDeploymentPostprocessing = 0;
		};
		2513BB0E1CA9AF3A00CC9C7E /* Resources */ = {
			isa = PBXResourcesBuildPhase;
			buildActionMask = 2147483647;
			files = (
			);
			runOnlyForDeploymentPostprocessing = 0;
		};
		2513BB191CA9AF3A00CC9C7E /* Resources */ = {
			isa = PBXResourcesBuildPhase;
			buildActionMask = 2147483647;
			files = (
			);
			runOnlyForDeploymentPostprocessing = 0;
		};
/* End PBXResourcesBuildPhase section */

/* Begin PBXShellScriptBuildPhase section */
		208224B6C028C994B8691731 /* [CP] Embed Pods Frameworks */ = {
			isa = PBXShellScriptBuildPhase;
			buildActionMask = 2147483647;
			files = (
			);
			inputPaths = (
			);
			name = "[CP] Embed Pods Frameworks";
			outputPaths = (
			);
			runOnlyForDeploymentPostprocessing = 0;
			shellPath = /bin/sh;
			shellScript = "\"${SRCROOT}/Pods/Target Support Files/Pods-ecoGame/Pods-ecoGame-frameworks.sh\"\n";
			showEnvVarsInLog = 0;
		};
		2553CC6B1D0F772F00CA0F42 /* ShellScript */ = {
			isa = PBXShellScriptBuildPhase;
			buildActionMask = 2147483647;
			files = (
			);
			inputPaths = (
			);
			outputPaths = (
			);
			runOnlyForDeploymentPostprocessing = 0;
			shellPath = /bin/sh;
			shellScript = "FILE=\"${SRCROOT}/HockeySDK-iOS/BuildAgent\"\nif [ -f \"$FILE\" ]; then\n\"$FILE\"\nfi";
		};
		2DC0A15E8952F58D1A2DFEE8 /* [CP] Embed Pods Frameworks */ = {
			isa = PBXShellScriptBuildPhase;
			buildActionMask = 2147483647;
			files = (
			);
			inputPaths = (
			);
			name = "[CP] Embed Pods Frameworks";
			outputPaths = (
			);
			runOnlyForDeploymentPostprocessing = 0;
			shellPath = /bin/sh;
			shellScript = "\"${SRCROOT}/Pods/Target Support Files/Pods-ecoGameTests/Pods-ecoGameTests-frameworks.sh\"\n";
			showEnvVarsInLog = 0;
		};
		5B9C1D93083C4E93F6908909 /* [CP] Copy Pods Resources */ = {
			isa = PBXShellScriptBuildPhase;
			buildActionMask = 2147483647;
			files = (
			);
			inputPaths = (
			);
			name = "[CP] Copy Pods Resources";
			outputPaths = (
			);
			runOnlyForDeploymentPostprocessing = 0;
			shellPath = /bin/sh;
			shellScript = "\"${SRCROOT}/Pods/Target Support Files/Pods-ecoGameUITests/Pods-ecoGameUITests-resources.sh\"\n";
			showEnvVarsInLog = 0;
		};
		922BAFA23F57B87430294F86 /* [CP] Copy Pods Resources */ = {
			isa = PBXShellScriptBuildPhase;
			buildActionMask = 2147483647;
			files = (
			);
			inputPaths = (
			);
			name = "[CP] Copy Pods Resources";
			outputPaths = (
			);
			runOnlyForDeploymentPostprocessing = 0;
			shellPath = /bin/sh;
			shellScript = "\"${SRCROOT}/Pods/Target Support Files/Pods-ecoGame/Pods-ecoGame-resources.sh\"\n";
			showEnvVarsInLog = 0;
		};
		998E688F330EBE8C010F9754 /* [CP] Check Pods Manifest.lock */ = {
			isa = PBXShellScriptBuildPhase;
			buildActionMask = 2147483647;
			files = (
			);
			inputPaths = (
			);
			name = "[CP] Check Pods Manifest.lock";
			outputPaths = (
			);
			runOnlyForDeploymentPostprocessing = 0;
			shellPath = /bin/sh;
			shellScript = "diff \"${PODS_ROOT}/../Podfile.lock\" \"${PODS_ROOT}/Manifest.lock\" > /dev/null\nif [[ $? != 0 ]] ; then\n    cat << EOM\nerror: The sandbox is not in sync with the Podfile.lock. Run 'pod install' or update your CocoaPods installation.\nEOM\n    exit 1\nfi\n";
			showEnvVarsInLog = 0;
		};
		F213B07AB2292E1168D56EC6 /* [CP] Copy Pods Resources */ = {
			isa = PBXShellScriptBuildPhase;
			buildActionMask = 2147483647;
			files = (
			);
			inputPaths = (
			);
			name = "[CP] Copy Pods Resources";
			outputPaths = (
			);
			runOnlyForDeploymentPostprocessing = 0;
			shellPath = /bin/sh;
			shellScript = "\"${SRCROOT}/Pods/Target Support Files/Pods-ecoGameTests/Pods-ecoGameTests-resources.sh\"\n";
			showEnvVarsInLog = 0;
		};
		FAF36ED78F963167A7D27407 /* [CP] Check Pods Manifest.lock */ = {
			isa = PBXShellScriptBuildPhase;
			buildActionMask = 2147483647;
			files = (
			);
			inputPaths = (
			);
			name = "[CP] Check Pods Manifest.lock";
			outputPaths = (
			);
			runOnlyForDeploymentPostprocessing = 0;
			shellPath = /bin/sh;
			shellScript = "diff \"${PODS_ROOT}/../Podfile.lock\" \"${PODS_ROOT}/Manifest.lock\" > /dev/null\nif [[ $? != 0 ]] ; then\n    cat << EOM\nerror: The sandbox is not in sync with the Podfile.lock. Run 'pod install' or update your CocoaPods installation.\nEOM\n    exit 1\nfi\n";
			showEnvVarsInLog = 0;
		};
		FB7889D50431F4F734853955 /* [CP] Check Pods Manifest.lock */ = {
			isa = PBXShellScriptBuildPhase;
			buildActionMask = 2147483647;
			files = (
			);
			inputPaths = (
			);
			name = "[CP] Check Pods Manifest.lock";
			outputPaths = (
			);
			runOnlyForDeploymentPostprocessing = 0;
			shellPath = /bin/sh;
			shellScript = "diff \"${PODS_ROOT}/../Podfile.lock\" \"${PODS_ROOT}/Manifest.lock\" > /dev/null\nif [[ $? != 0 ]] ; then\n    cat << EOM\nerror: The sandbox is not in sync with the Podfile.lock. Run 'pod install' or update your CocoaPods installation.\nEOM\n    exit 1\nfi\n";
			showEnvVarsInLog = 0;
		};
/* End PBXShellScriptBuildPhase section */

/* Begin PBXSourcesBuildPhase section */
		2513BAF61CA9AF3A00CC9C7E /* Sources */ = {
			isa = PBXSourcesBuildPhase;
			buildActionMask = 2147483647;
			files = (
				25A1C9CF1D8F59B700628804 /* KDCircularProgress.swift in Sources */,
				25A1C9DD1D8F59B700628804 /* SwitchCameraButton.swift in Sources */,
				25A1C9D31D8F59B700628804 /* CIColorExtension.swift in Sources */,
				2553CC7D1D0F7D9100CA0F42 /* ECQRController.swift in Sources */,
				256771EF1CD9678A007769AB /* ECCategory.swift in Sources */,
				25752E8F1CD7A9A2004040CB /* UICollectionView+ECAdditions.swift in Sources */,
				252C5A881CB05BB0006CC6F9 /* Selector+ECAdditions.swift in Sources */,
				25A1C9D41D8F59B700628804 /* QRCode.swift in Sources */,
				25AC2A8B1CC3C307003D3C61 /* ECMenuViewController.swift in Sources */,
				25A1C9D51D8F59B700628804 /* UIImageViewExtension.swift in Sources */,
				25728F681CB1C8D20063C7E3 /* ECDataModel.xcdatamodeld in Sources */,
				252C5A901CB067F7006CC6F9 /* ECUserListCell.swift in Sources */,
				25A1C9E21D8F59B700628804 /* README.md in Sources */,
				2502B6DA1CBC7C1B00F7DC28 /* NSDate+ECAdditions.swift in Sources */,
				25FC6D371CF51EAE00D06D21 /* ECCategoryController.swift in Sources */,
				2502B6D81CBC56EE00F7DC28 /* TegKeychainConstants.swift in Sources */,
				252C5A8D1CB062E8006CC6F9 /* ECUserListDataSource.swift in Sources */,
				25A1C9D91D8F59B700628804 /* QRCodeReaderResult.swift in Sources */,
				252C5A991CB09BDA006CC6F9 /* ECCoreManager.swift in Sources */,
				259488A01DA5B46A008117A8 /* ECStatsController.swift in Sources */,
				2578ECFE1D25CE7B00158527 /* ECSortController.swift in Sources */,
				25A1C9DC1D8F59B700628804 /* ReaderOverlayView.swift in Sources */,
				2543CCFB1CBA99F600EA677B /* UIColor+ECAdditions.swift in Sources */,
				25728F5F1CB1C7F20063C7E3 /* ECStoreManager.swift in Sources */,
				2534D3511CBF02C8003A9195 /* UIVIew+ECAdditions.swift in Sources */,
				258D82AC1CB31F8A00CD39A3 /* NSFetchedResultsController+ECAdditions.swift in Sources */,
				254394AF1D08E900001F079C /* ECActionInputController.swift in Sources */,
				25594D6F1CEE86FF000B4561 /* ECConstants.swift in Sources */,
				25A1C9D61D8F59B700628804 /* README.md in Sources */,
				25E3BC981CB59FD000CCD783 /* UIViewController+ECAdditions.swift in Sources */,
				25A1C9DB1D8F59B700628804 /* QRCodeViewControllerBuilder.swift in Sources */,
				2534D34D1CBF00D7003A9195 /* ECSearchHeaderView.swift in Sources */,
				25A1C9DE1D8F59B700628804 /* ToggleTorchButton.swift in Sources */,
				25A7924E1D1F43A40075E654 /* ECScore.swift in Sources */,
				25752E8C1CD7A96D004040CB /* ECCategoryOverviewCell.swift in Sources */,
				252C5A8B1CB062D7006CC6F9 /* ECUsersListViewController.swift in Sources */,
				252C5A961CB0717B006CC6F9 /* UITableView+ECAdditions.swift in Sources */,
				25752E881CD7A901004040CB /* ECCategoriesController.swift in Sources */,
				25FC6D3A1CF528D600D06D21 /* ECCategoryActionCell.swift in Sources */,
				25728F631CB1C8530063C7E3 /* ECSeralizableObject.swift in Sources */,
				25A1C9E11D8F59B700628804 /* Reachability.swift in Sources */,
				2543CCF91CBA954C00EA677B /* ECLoginController.swift in Sources */,
				25A1C9D81D8F59B700628804 /* QRCodeReader.swift in Sources */,
				25A1C9DA1D8F59B700628804 /* QRCodeViewController.swift in Sources */,
				25A1C9D11D8F59B700628804 /* README.md in Sources */,
				254394B11D08EFDE001F079C /* ECCarbonFootprintController.swift in Sources */,
				2502B6D41CBC553200F7DC28 /* KeychainSwift.swift in Sources */,
				2593FC2E1D06352100F93DD0 /* ECAgreementController.swift in Sources */,
				25A1C9DF1D8F59B700628804 /* README.md in Sources */,
				2502B6D71CBC56EE00F7DC28 /* KeychainSwiftAccessOptions.swift in Sources */,
				25E3BC961CB59FA100CCD783 /* ECUserController.swift in Sources */,
				25728F611CB1C8000063C7E3 /* ECRequestManager.swift in Sources */,
				252C5A7F1CB04DC4006CC6F9 /* ECUser.swift in Sources */,
				2513BAFE1CA9AF3A00CC9C7E /* AppDelegate.swift in Sources */,
			);
			runOnlyForDeploymentPostprocessing = 0;
		};
		2513BB0C1CA9AF3A00CC9C7E /* Sources */ = {
			isa = PBXSourcesBuildPhase;
			buildActionMask = 2147483647;
			files = (
				2513BB151CA9AF3A00CC9C7E /* ecoGameTests.swift in Sources */,
			);
			runOnlyForDeploymentPostprocessing = 0;
		};
		2513BB171CA9AF3A00CC9C7E /* Sources */ = {
			isa = PBXSourcesBuildPhase;
			buildActionMask = 2147483647;
			files = (
				2513BB201CA9AF3A00CC9C7E /* ecoGameUITests.swift in Sources */,
			);
			runOnlyForDeploymentPostprocessing = 0;
		};
/* End PBXSourcesBuildPhase section */

/* Begin PBXTargetDependency section */
		2513BB121CA9AF3A00CC9C7E /* PBXTargetDependency */ = {
			isa = PBXTargetDependency;
			target = 2513BAF91CA9AF3A00CC9C7E /* ecoGame */;
			targetProxy = 2513BB111CA9AF3A00CC9C7E /* PBXContainerItemProxy */;
		};
		2513BB1D1CA9AF3A00CC9C7E /* PBXTargetDependency */ = {
			isa = PBXTargetDependency;
			target = 2513BAF91CA9AF3A00CC9C7E /* ecoGame */;
			targetProxy = 2513BB1C1CA9AF3A00CC9C7E /* PBXContainerItemProxy */;
		};
/* End PBXTargetDependency section */

/* Begin PBXVariantGroup section */
		2513BB031CA9AF3A00CC9C7E /* Main.storyboard */ = {
			isa = PBXVariantGroup;
			children = (
				2513BB041CA9AF3A00CC9C7E /* Base */,
			);
			name = Main.storyboard;
			sourceTree = "<group>";
		};
		2513BB081CA9AF3A00CC9C7E /* LaunchScreen.storyboard */ = {
			isa = PBXVariantGroup;
			children = (
				2513BB091CA9AF3A00CC9C7E /* Base */,
			);
			name = LaunchScreen.storyboard;
			sourceTree = "<group>";
		};
/* End PBXVariantGroup section */

/* Begin XCBuildConfiguration section */
		2513BB221CA9AF3A00CC9C7E /* Debug */ = {
			isa = XCBuildConfiguration;
			buildSettings = {
				ALWAYS_SEARCH_USER_PATHS = NO;
				CLANG_CXX_LANGUAGE_STANDARD = "gnu++0x";
				CLANG_CXX_LIBRARY = "libc++";
				CLANG_ENABLE_MODULES = YES;
				CLANG_ENABLE_OBJC_ARC = YES;
				CLANG_WARN_BOOL_CONVERSION = YES;
				CLANG_WARN_CONSTANT_CONVERSION = YES;
				CLANG_WARN_DIRECT_OBJC_ISA_USAGE = YES_ERROR;
				CLANG_WARN_EMPTY_BODY = YES;
				CLANG_WARN_ENUM_CONVERSION = YES;
				CLANG_WARN_INT_CONVERSION = YES;
				CLANG_WARN_OBJC_ROOT_CLASS = YES_ERROR;
				CLANG_WARN_UNREACHABLE_CODE = YES;
				CLANG_WARN__DUPLICATE_METHOD_MATCH = YES;
				"CODE_SIGN_IDENTITY[sdk=iphoneos*]" = "iPhone Developer";
				COPY_PHASE_STRIP = NO;
				DEBUG_INFORMATION_FORMAT = dwarf;
				ENABLE_STRICT_OBJC_MSGSEND = YES;
				ENABLE_TESTABILITY = YES;
				GCC_C_LANGUAGE_STANDARD = gnu99;
				GCC_DYNAMIC_NO_PIC = NO;
				GCC_NO_COMMON_BLOCKS = YES;
				GCC_OPTIMIZATION_LEVEL = 0;
				GCC_PREPROCESSOR_DEFINITIONS = (
					"DEBUG=1",
					"$(inherited)",
				);
				GCC_WARN_64_TO_32_BIT_CONVERSION = YES;
				GCC_WARN_ABOUT_RETURN_TYPE = YES_ERROR;
				GCC_WARN_UNDECLARED_SELECTOR = YES;
				GCC_WARN_UNINITIALIZED_AUTOS = YES_AGGRESSIVE;
				GCC_WARN_UNUSED_FUNCTION = YES;
				GCC_WARN_UNUSED_VARIABLE = YES;
				IPHONEOS_DEPLOYMENT_TARGET = 9.2;
				MTL_ENABLE_DEBUG_INFO = YES;
				ONLY_ACTIVE_ARCH = YES;
				SDKROOT = iphoneos;
				SWIFT_OPTIMIZATION_LEVEL = "-Onone";
				TARGETED_DEVICE_FAMILY = 2;
			};
			name = Debug;
		};
		2513BB231CA9AF3A00CC9C7E /* Release */ = {
			isa = XCBuildConfiguration;
			buildSettings = {
				ALWAYS_SEARCH_USER_PATHS = NO;
				CLANG_CXX_LANGUAGE_STANDARD = "gnu++0x";
				CLANG_CXX_LIBRARY = "libc++";
				CLANG_ENABLE_MODULES = YES;
				CLANG_ENABLE_OBJC_ARC = YES;
				CLANG_WARN_BOOL_CONVERSION = YES;
				CLANG_WARN_CONSTANT_CONVERSION = YES;
				CLANG_WARN_DIRECT_OBJC_ISA_USAGE = YES_ERROR;
				CLANG_WARN_EMPTY_BODY = YES;
				CLANG_WARN_ENUM_CONVERSION = YES;
				CLANG_WARN_INT_CONVERSION = YES;
				CLANG_WARN_OBJC_ROOT_CLASS = YES_ERROR;
				CLANG_WARN_UNREACHABLE_CODE = YES;
				CLANG_WARN__DUPLICATE_METHOD_MATCH = YES;
				"CODE_SIGN_IDENTITY[sdk=iphoneos*]" = "iPhone Developer";
				COPY_PHASE_STRIP = NO;
				DEBUG_INFORMATION_FORMAT = "dwarf-with-dsym";
				ENABLE_NS_ASSERTIONS = NO;
				ENABLE_STRICT_OBJC_MSGSEND = YES;
				GCC_C_LANGUAGE_STANDARD = gnu99;
				GCC_NO_COMMON_BLOCKS = YES;
				GCC_WARN_64_TO_32_BIT_CONVERSION = YES;
				GCC_WARN_ABOUT_RETURN_TYPE = YES_ERROR;
				GCC_WARN_UNDECLARED_SELECTOR = YES;
				GCC_WARN_UNINITIALIZED_AUTOS = YES_AGGRESSIVE;
				GCC_WARN_UNUSED_FUNCTION = YES;
				GCC_WARN_UNUSED_VARIABLE = YES;
				IPHONEOS_DEPLOYMENT_TARGET = 9.2;
				MTL_ENABLE_DEBUG_INFO = NO;
				SDKROOT = iphoneos;
				TARGETED_DEVICE_FAMILY = 2;
				VALIDATE_PRODUCT = YES;
			};
			name = Release;
		};
		2513BB251CA9AF3A00CC9C7E /* Debug */ = {
			isa = XCBuildConfiguration;
			baseConfigurationReference = 5B156F2AD23EA55D49286349 /* Pods-ecoGame.debug.xcconfig */;
			buildSettings = {
				ASSETCATALOG_COMPILER_APPICON_NAME = AppIcon;
				CLANG_ENABLE_MODULES = YES;
				CODE_SIGN_IDENTITY = "iPhone Developer";
				"CODE_SIGN_IDENTITY[sdk=iphoneos*]" = "iPhone Developer";
				FRAMEWORK_SEARCH_PATHS = (
					"$(inherited)",
					"$(PROJECT_DIR)/HockeySDK-iOS/HockeySDK.embeddedframework",
					"$(PROJECT_DIR)/Pods/HockeySDK/HockeySDK-iOS/HockeySDK.embeddedframework",
				);
				INFOPLIST_FILE = ecoGame/Info.plist;
				IPHONEOS_DEPLOYMENT_TARGET = 8.1;
				LD_RUNPATH_SEARCH_PATHS = "$(inherited) @executable_path/Frameworks";
				PRODUCT_BUNDLE_IDENTIFIER = com.timo.ecoGame;
				PRODUCT_NAME = "$(TARGET_NAME)";
				PROVISIONING_PROFILE = "";
				SWIFT_OBJC_BRIDGING_HEADER = "ecoGame-Bridging-Header.h";
				SWIFT_OPTIMIZATION_LEVEL = "-Onone";
				SWIFT_VERSION = 2.3;
			};
			name = Debug;
		};
		2513BB261CA9AF3A00CC9C7E /* Release */ = {
			isa = XCBuildConfiguration;
			baseConfigurationReference = A68511DAF8BCDB9D4AC2F439 /* Pods-ecoGame.release.xcconfig */;
			buildSettings = {
				ASSETCATALOG_COMPILER_APPICON_NAME = AppIcon;
				CLANG_ENABLE_MODULES = YES;
				CODE_SIGN_IDENTITY = "iPhone Developer";
				"CODE_SIGN_IDENTITY[sdk=iphoneos*]" = "iPhone Developer";
				FRAMEWORK_SEARCH_PATHS = (
					"$(inherited)",
					"$(PROJECT_DIR)/HockeySDK-iOS/HockeySDK.embeddedframework",
					"$(PROJECT_DIR)/Pods/HockeySDK/HockeySDK-iOS/HockeySDK.embeddedframework",
				);
				INFOPLIST_FILE = ecoGame/Info.plist;
				IPHONEOS_DEPLOYMENT_TARGET = 8.1;
				LD_RUNPATH_SEARCH_PATHS = "$(inherited) @executable_path/Frameworks";
				PRODUCT_BUNDLE_IDENTIFIER = com.timo.ecoGame;
				PRODUCT_NAME = "$(TARGET_NAME)";
				PROVISIONING_PROFILE = "";
				SWIFT_OBJC_BRIDGING_HEADER = "ecoGame-Bridging-Header.h";
				SWIFT_VERSION = 2.3;
			};
			name = Release;
		};
		2513BB281CA9AF3A00CC9C7E /* Debug */ = {
			isa = XCBuildConfiguration;
			baseConfigurationReference = B25897D73D0CB78CE03E7403 /* Pods-ecoGameTests.debug.xcconfig */;
			buildSettings = {
				BUNDLE_LOADER = "$(TEST_HOST)";
				INFOPLIST_FILE = ecoGameTests/Info.plist;
				LD_RUNPATH_SEARCH_PATHS = "$(inherited) @executable_path/Frameworks @loader_path/Frameworks";
				PRODUCT_BUNDLE_IDENTIFIER = com.timo.ecoGameTests;
				PRODUCT_NAME = "$(TARGET_NAME)";
				SWIFT_VERSION = 2.3;
				TEST_HOST = "$(BUILT_PRODUCTS_DIR)/ecoGame.app/ecoGame";
			};
			name = Debug;
		};
		2513BB291CA9AF3A00CC9C7E /* Release */ = {
			isa = XCBuildConfiguration;
			baseConfigurationReference = 1F1A25414635E9D9E6E56BA4 /* Pods-ecoGameTests.release.xcconfig */;
			buildSettings = {
				BUNDLE_LOADER = "$(TEST_HOST)";
				INFOPLIST_FILE = ecoGameTests/Info.plist;
				LD_RUNPATH_SEARCH_PATHS = "$(inherited) @executable_path/Frameworks @loader_path/Frameworks";
				PRODUCT_BUNDLE_IDENTIFIER = com.timo.ecoGameTests;
				PRODUCT_NAME = "$(TARGET_NAME)";
				SWIFT_VERSION = 2.3;
				TEST_HOST = "$(BUILT_PRODUCTS_DIR)/ecoGame.app/ecoGame";
			};
			name = Release;
		};
		2513BB2B1CA9AF3A00CC9C7E /* Debug */ = {
			isa = XCBuildConfiguration;
			baseConfigurationReference = F32CC2A92F315585CD0360A3 /* Pods-ecoGameUITests.debug.xcconfig */;
			buildSettings = {
				INFOPLIST_FILE = ecoGameUITests/Info.plist;
				LD_RUNPATH_SEARCH_PATHS = "$(inherited) @executable_path/Frameworks @loader_path/Frameworks";
				PRODUCT_BUNDLE_IDENTIFIER = com.timo.ecoGameUITests;
				PRODUCT_NAME = "$(TARGET_NAME)";
				SWIFT_VERSION = 2.3;
				TEST_TARGET_NAME = ecoGame;
				USES_XCTRUNNER = YES;
			};
			name = Debug;
		};
		2513BB2C1CA9AF3A00CC9C7E /* Release */ = {
			isa = XCBuildConfiguration;
			baseConfigurationReference = 2523F59A9A87142F1A168BB4 /* Pods-ecoGameUITests.release.xcconfig */;
			buildSettings = {
				INFOPLIST_FILE = ecoGameUITests/Info.plist;
				LD_RUNPATH_SEARCH_PATHS = "$(inherited) @executable_path/Frameworks @loader_path/Frameworks";
				PRODUCT_BUNDLE_IDENTIFIER = com.timo.ecoGameUITests;
				PRODUCT_NAME = "$(TARGET_NAME)";
				SWIFT_VERSION = 2.3;
				TEST_TARGET_NAME = ecoGame;
				USES_XCTRUNNER = YES;
			};
			name = Release;
		};
/* End XCBuildConfiguration section */

/* Begin XCConfigurationList section */
		2513BAF51CA9AF3A00CC9C7E /* Build configuration list for PBXProject "ecoGame" */ = {
			isa = XCConfigurationList;
			buildConfigurations = (
				2513BB221CA9AF3A00CC9C7E /* Debug */,
				2513BB231CA9AF3A00CC9C7E /* Release */,
			);
			defaultConfigurationIsVisible = 0;
			defaultConfigurationName = Release;
		};
		2513BB241CA9AF3A00CC9C7E /* Build configuration list for PBXNativeTarget "ecoGame" */ = {
			isa = XCConfigurationList;
			buildConfigurations = (
				2513BB251CA9AF3A00CC9C7E /* Debug */,
				2513BB261CA9AF3A00CC9C7E /* Release */,
			);
			defaultConfigurationIsVisible = 0;
			defaultConfigurationName = Release;
		};
		2513BB271CA9AF3A00CC9C7E /* Build configuration list for PBXNativeTarget "ecoGameTests" */ = {
			isa = XCConfigurationList;
			buildConfigurations = (
				2513BB281CA9AF3A00CC9C7E /* Debug */,
				2513BB291CA9AF3A00CC9C7E /* Release */,
			);
			defaultConfigurationIsVisible = 0;
			defaultConfigurationName = Release;
		};
		2513BB2A1CA9AF3A00CC9C7E /* Build configuration list for PBXNativeTarget "ecoGameUITests" */ = {
			isa = XCConfigurationList;
			buildConfigurations = (
				2513BB2B1CA9AF3A00CC9C7E /* Debug */,
				2513BB2C1CA9AF3A00CC9C7E /* Release */,
			);
			defaultConfigurationIsVisible = 0;
			defaultConfigurationName = Release;
		};
/* End XCConfigurationList section */

/* Begin XCVersionGroup section */
		25728F661CB1C8D20063C7E3 /* ECDataModel.xcdatamodeld */ = {
			isa = XCVersionGroup;
			children = (
				25728F671CB1C8D20063C7E3 /* ECDataModel.xcdatamodel */,
			);
			currentVersion = 25728F671CB1C8D20063C7E3 /* ECDataModel.xcdatamodel */;
			path = ECDataModel.xcdatamodeld;
			sourceTree = "<group>";
			versionGroupType = wrapper.xcdatamodel;
		};
/* End XCVersionGroup section */
	};
	rootObject = 2513BAF21CA9AF3A00CC9C7E /* Project object */;
}
